
Microsoft Visual Studio Solution File, Format Version 12.00
# Visual Studio Version 16
VisualStudioVersion = 16.0.31005.135
MinimumVisualStudioVersion = 10.0.40219.1
Project("{FAE04EC0-301F-11D3-BF4B-00C04F79EFBC}") = "CssMvc- FlexBox Kullanımı", "CssMvc- FlexBox Kullanımı.csproj", "{03C03D97-A531-4B96-8C9C-53151D2840AD}"
EndProject
Global
	GlobalSection(SolutionConfigurationPlatforms) = preSolution
		Debug|Any CPU = Debug|Any CPU
		Release|Any CPU = Release|Any CPU
	EndGlobalSection
	GlobalSection(ProjectConfigurationPlatforms) = postSolution
		{03C03D97-A531-4B96-8C9C-53151D2840AD}.Debug|Any CPU.ActiveCfg = Debug|Any CPU
		{03C03D97-A531-4B96-8C9C-53151D2840AD}.Debug|Any CPU.Build.0 = Debug|Any CPU
		{03C03D97-A531-4B96-8C9C-53151D2840AD}.Release|Any CPU.ActiveCfg = Release|Any CPU
		{03C03D97-A531-4B96-8C9C-53151D2840AD}.Release|Any CPU.Build.0 = Release|Any CPU
	EndGlobalSection
	GlobalSection(SolutionProperties) = preSolution
		HideSolutionNode = FALSE
	EndGlobalSection
	GlobalSection(ExtensibilityGlobals) = postSolution
		SolutionGuid = {AE5056C5-FF29-4708-AAF2-6C9E9454490A}
	EndGlobalSection
EndGlobal
